Microsoft Visual Studio Solution File, Format Version 11.00
# Visual Studio 2008

Project("{923033BF-77A8-1C50-20B6-F0574FAEA925}") = "DkLike", "Assembly-CSharp-firstpass.csproj", "{F0883D5A-DDA4-48AF-2CB7-3913E66FF6EC}"
EndProject
Project("{923033BF-77A8-1C50-20B6-F0574FAEA925}") = "DkLike", "Assembly-CSharp.csproj", "{DB98873B-00B9-64CE-7B57-5BE56A310B6F}"
EndProject
Global
	GlobalSection(SolutionConfigurationPlatforms) = preSolution
		Debug|Any CPU = Debug|Any CPU
		Release|Any CPU = Release|Any CPU
	EndGlobalSection
	GlobalSection(ProjectConfigurationPlatforms) = postSolution
		{F0883D5A-DDA4-48AF-2CB7-3913E66FF6EC}.Debug|Any CPU.ActiveCfg = Debug|Any CPU
		{F0883D5A-DDA4-48AF-2CB7-3913E66FF6EC}.Debug|Any CPU.Build.0 = Debug|Any CPU
		{F0883D5A-DDA4-48AF-2CB7-3913E66FF6EC}.Release|Any CPU.ActiveCfg = Release|Any CPU
		{F0883D5A-DDA4-48AF-2CB7-3913E66FF6EC}.Release|Any CPU.Build.0 = Release|Any CPU
		{DB98873B-00B9-64CE-7B57-5BE56A310B6F}.Debug|Any CPU.ActiveCfg = Debug|Any CPU
		{DB98873B-00B9-64CE-7B57-5BE56A310B6F}.Debug|Any CPU.Build.0 = Debug|Any CPU
		{DB98873B-00B9-64CE-7B57-5BE56A310B6F}.Release|Any CPU.ActiveCfg = Release|Any CPU
		{DB98873B-00B9-64CE-7B57-5BE56A310B6F}.Release|Any CPU.Build.0 = Release|Any CPU
	EndGlobalSection
	GlobalSection(SolutionProperties) = preSolution
		HideSolutionNode = FALSE
	EndGlobalSection
																				GlobalSection(MonoDevelopProperties) = preSolution
		StartupItem = Assembly-CSharp.csproj
		Policies = $0
		$0.TextStylePolicy = $1
		$1.inheritsSet = null
		$1.scope = text/x-csharp
		$0.CSharpFormattingPolicy = $2
		$2.inheritsSet = Mono
		$2.inheritsScope = text/x-csharp
		$2.scope = text/x-csharp
		$0.TextStylePolicy = $3
		$3.FileWidth = 120
		$3.TabWidth = 4
		$3.EolMarker = Unix
		$3.inheritsSet = Mono
		$3.inheritsScope = text/plain
		$3.scope = text/plain
	EndGlobalSection

EndGlobal
